
Microsoft Visual Studio Solution File, Format Version 12.00
# Visual Studio Version 17
VisualStudioVersion = 17.9.34728.123
MinimumVisualStudioVersion = 10.0.40219.1
Project("{FAE04EC0-301F-11D3-BF4B-00C04F79EFBC}") = "Sportify", "Sportify.csproj", "{071DFF06-F356-446E-967B-B50C4E0F4C44}"
EndProject
Global
	GlobalSection(SolutionConfigurationPlatforms) = preSolution
		Debug|Any CPU = Debug|Any CPU
		Release|Any CPU = Release|Any CPU
	EndGlobalSection
	GlobalSection(ProjectConfigurationPlatforms) = postSolution
		{071DFF06-F356-446E-967B-B50C4E0F4C44}.Debug|Any CPU.ActiveCfg = Debug|Any CPU
		{071DFF06-F356-446E-967B-B50C4E0F4C44}.Debug|Any CPU.Build.0 = Debug|Any CPU
		{071DFF06-F356-446E-967B-B50C4E0F4C44}.Release|Any CPU.ActiveCfg = Release|Any CPU
		{071DFF06-F356-446E-967B-B50C4E0F4C44}.Release|Any CPU.Build.0 = Release|Any CPU
	EndGlobalSection
	GlobalSection(SolutionProperties) = preSolution
		HideSolutionNode = FALSE
	EndGlobalSection
	GlobalSection(ExtensibilityGlobals) = postSolution
		SolutionGuid = {98BCE03E-55FC-4528-B54A-61721D765709}
	EndGlobalSection
EndGlobal
